
Microsoft Visual Studio Solution File, Format Version 12.00
# Visual Studio Version 17
VisualStudioVersion = 17.5.33414.496
MinimumVisualStudioVersion = 10.0.40219.1
Project("{FAE04EC0-301F-11D3-BF4B-00C04F79EFBC}") = "fuc", "fuc.csproj", "{7123C78B-76C9-40E6-80C6-2F65823868E2}"
EndProject
Global
	GlobalSection(SolutionConfigurationPlatforms) = preSolution
		Debug|Any CPU = Debug|Any CPU
		Release|Any CPU = Release|Any CPU
	EndGlobalSection
	GlobalSection(ProjectConfigurationPlatforms) = postSolution
		{7123C78B-76C9-40E6-80C6-2F65823868E2}.Debug|Any CPU.ActiveCfg = Debug|Any CPU
		{7123C78B-76C9-40E6-80C6-2F65823868E2}.Debug|Any CPU.Build.0 = Debug|Any CPU
		{7123C78B-76C9-40E6-80C6-2F65823868E2}.Release|Any CPU.ActiveCfg = Release|Any CPU
		{7123C78B-76C9-40E6-80C6-2F65823868E2}.Release|Any CPU.Build.0 = Release|Any CPU
	EndGlobalSection
	GlobalSection(SolutionProperties) = preSolution
		HideSolutionNode = FALSE
	EndGlobalSection
	GlobalSection(ExtensibilityGlobals) = postSolution
		SolutionGuid = {33ACB4D7-C90E-4A4E-BCAB-BA9660A5C122}
	EndGlobalSection
EndGlobal
